
Microsoft Visual Studio Solution File, Format Version 12.00
# Visual Studio Version 17
VisualStudioVersion = 17.5.002.0
MinimumVisualStudioVersion = 10.0.40219.1
Project("{9A19103F-16F7-4668-BE54-9A1E7A4F7556}") = "PizzaStore", "PizzaStore-Cors\PizzaStore.csproj", "{C307595E-8393-4EFB-9B12-91195A4BA577}"
EndProject
Project("{9A19103F-16F7-4668-BE54-9A1E7A4F7556}") = "PizzaStore (1)", "PizzaStore\PizzaStore.csproj", "{EB6C80D7-DC33-4744-A1B9-CEF768DD0F27}"
EndProject
Global
	GlobalSection(SolutionConfigurationPlatforms) = preSolution
		Debug|Any CPU = Debug|Any CPU
		Release|Any CPU = Release|Any CPU
	EndGlobalSection
	GlobalSection(ProjectConfigurationPlatforms) = postSolution
		{C307595E-8393-4EFB-9B12-91195A4BA577}.Debug|Any CPU.ActiveCfg = Debug|Any CPU
		{C307595E-8393-4EFB-9B12-91195A4BA577}.Debug|Any CPU.Build.0 = Debug|Any CPU
		{C307595E-8393-4EFB-9B12-91195A4BA577}.Release|Any CPU.ActiveCfg = Release|Any CPU
		{C307595E-8393-4EFB-9B12-91195A4BA577}.Release|Any CPU.Build.0 = Release|Any CPU
		{EB6C80D7-DC33-4744-A1B9-CEF768DD0F27}.Debug|Any CPU.ActiveCfg = Debug|Any CPU
		{EB6C80D7-DC33-4744-A1B9-CEF768DD0F27}.Debug|Any CPU.Build.0 = Debug|Any CPU
		{EB6C80D7-DC33-4744-A1B9-CEF768DD0F27}.Release|Any CPU.ActiveCfg = Release|Any CPU
		{EB6C80D7-DC33-4744-A1B9-CEF768DD0F27}.Release|Any CPU.Build.0 = Release|Any CPU
	EndGlobalSection
	GlobalSection(SolutionProperties) = preSolution
		HideSolutionNode = FALSE
	EndGlobalSection
	GlobalSection(ExtensibilityGlobals) = postSolution
		SolutionGuid = {E5D98197-7622-43EA-8094-AEBC48FC5357}
	EndGlobalSection
EndGlobal
